{
  "name": "@paddlejs/paddlejs-backend-webgl",
  "version": "1.2.9",
  "lockfileVersion": 3,
  "requires": true,
  "packages": {
    "": {
      "name": "@paddlejs/paddlejs-backend-webgl",
      "version": "1.2.9",
      "license": "ISC",
      "dependencies": {
        "@paddlejs/paddlejs-backend-webgl": "file:"
      }
    },
    "node_modules/@paddlejs/paddlejs-backend-webgl": {
      "resolved": "",
      "link": true
    }
  }
}
