{
  "name": "@paddlejs-mediapipe/opencv",
  "version": "0.0.4",
  "lockfileVersion": 3,
  "requires": true,
  "packages": {
    "": {
      "name": "@paddlejs-mediapipe/opencv",
      "version": "0.0.4",
      "license": "ISC",
      "dependencies": {
        "@paddlejs-mediapipe/opencv": "file:"
      }
    },
    "node_modules/@paddlejs-mediapipe/opencv": {
      "resolved": "",
      "link": true
    }
  }
}
