{
  "name": "@paddlejs/paddlejs-backend-cpu",
  "version": "0.0.2-beta.0",
  "lockfileVersion": 3,
  "requires": true,
  "packages": {
    "": {
      "name": "@paddlejs/paddlejs-backend-cpu",
      "version": "0.0.2-beta.0",
      "license": "ISC",
      "dependencies": {
        "@paddlejs/paddlejs-backend-cpu": "file:"
      }
    },
    "node_modules/@paddlejs/paddlejs-backend-cpu": {
      "resolved": "",
      "link": true
    }
  }
}
