{
  "name": "@paddlejs/paddlejs-core",
  "version": "2.2.0",
  "lockfileVersion": 3,
  "requires": true,
  "packages": {
    "": {
      "name": "@paddlejs/paddlejs-core",
      "version": "2.2.0",
      "license": "ISC",
      "dependencies": {
        "@paddlejs/paddlejs-core": "file:"
      }
    },
    "node_modules/@paddlejs/paddlejs-core": {
      "resolved": "",
      "link": true
    }
  }
}
